
Microsoft Visual Studio Solution File, Format Version 12.00
# Visual Studio Version 16
VisualStudioVersion = 16.0.30114.105
MinimumVisualStudioVersion = 10.0.40219.1
Project("{FAE04EC0-301F-11D3-BF4B-00C04F79EFBC}") = "WebApplicationPublish", "WebApplicationPublish\WebApplicationPublish.csproj", "{B27EDE2B-FB4E-480C-878A-320ADBD7ECBB}"
EndProject
Global
	GlobalSection(SolutionConfigurationPlatforms) = preSolution
		Debug|Any CPU = Debug|Any CPU
		Release|Any CPU = Release|Any CPU
	EndGlobalSection
	GlobalSection(ProjectConfigurationPlatforms) = postSolution
		{B27EDE2B-FB4E-480C-878A-320ADBD7ECBB}.Debug|Any CPU.ActiveCfg = Debug|Any CPU
		{B27EDE2B-FB4E-480C-878A-320ADBD7ECBB}.Debug|Any CPU.Build.0 = Debug|Any CPU
		{B27EDE2B-FB4E-480C-878A-320ADBD7ECBB}.Release|Any CPU.ActiveCfg = Release|Any CPU
		{B27EDE2B-FB4E-480C-878A-320ADBD7ECBB}.Release|Any CPU.Build.0 = Release|Any CPU
	EndGlobalSection
	GlobalSection(SolutionProperties) = preSolution
		HideSolutionNode = FALSE
	EndGlobalSection
	GlobalSection(ExtensibilityGlobals) = postSolution
		SolutionGuid = {A234BB0C-FEDD-4118-BA16-574A97853FC3}
	EndGlobalSection
EndGlobal
